
Microsoft Visual Studio Solution File, Format Version 12.00
# Visual Studio Version 17
VisualStudioVersion = 17.4.32804.182
MinimumVisualStudioVersion = 10.0.40219.1
Project("{2150E333-8FDC-42A3-9474-1A3956D46DE8}") = "PhotoRename.Common", "PhotoRename.Common", "{ED9C232A-B193-491C-A02F-031455AB389B}"
EndProject
Project("{2150E333-8FDC-42A3-9474-1A3956D46DE8}") = "PhotoRenamer", "PhotoRenamer", "{32AB306C-99D5-4D25-878B-64C3CDB10B39}"
EndProject
Project("{2150E333-8FDC-42A3-9474-1A3956D46DE8}") = "PhotoTimestampShifter", "PhotoTimestampShifter", "{7B670E6F-DA17-46E6-A2C7-84AFF319D2AF}"
EndProject
Project("{2150E333-8FDC-42A3-9474-1A3956D46DE8}") = "src", "src", "{B09A246E-B428-4F23-A236-16BCA3B3FD2C}"
EndProject
Project("{2150E333-8FDC-42A3-9474-1A3956D46DE8}") = "tests", "tests", "{F0E788CC-9C35-4E7A-A8F6-2A38C96F1A87}"
EndProject
Project("{2150E333-8FDC-42A3-9474-1A3956D46DE8}") = "src", "src", "{7516F5A9-F215-474E-846A-C17FA231037B}"
EndProject
Project("{2150E333-8FDC-42A3-9474-1A3956D46DE8}") = "tests", "tests", "{1F69F579-74AF-491D-953B-4ED136295478}"
EndProject
Project("{2150E333-8FDC-42A3-9474-1A3956D46DE8}") = "src", "src", "{F318E60D-E3C0-462C-9AE8-8D8CDFC2C90C}"
EndProject
Project("{2150E333-8FDC-42A3-9474-1A3956D46DE8}") = "tests", "tests", "{281D23F7-C0C6-4070-9551-D5DBA7E43B59}"
EndProject
Project("{9A19103F-16F7-4668-BE54-9A1E7A4F7556}") = "PhotoRename.Common", "photo-rename-common\src\PhotoRename.Common\PhotoRename.Common.csproj", "{550E902C-EE71-479C-ADCF-7E9EFA95AAA9}"
EndProject
Project("{9A19103F-16F7-4668-BE54-9A1E7A4F7556}") = "PhotoRenamer.Cli", "photo-renamer\src\PhotoRenamer.Cli\PhotoRenamer.Cli.csproj", "{E01D4FD3-AEF1-479D-9944-5CE389DFFA3D}"
EndProject
Project("{9A19103F-16F7-4668-BE54-9A1E7A4F7556}") = "PhotoRenamer.Cli.Tests", "photo-renamer\tests\PhotoRenamer.Cli.Tests\PhotoRenamer.Cli.Tests.csproj", "{DBA0343A-EE74-439D-AB3D-97B99080D7D5}"
EndProject
Project("{9A19103F-16F7-4668-BE54-9A1E7A4F7556}") = "PhotoTimeStampShifter.Cli", "photo-timestamp-shifter\src\PhotoTimeStampShifter.Cli\PhotoTimeStampShifter.Cli.csproj", "{C55069F7-2A61-4A97-B490-28C2F6DA1630}"
EndProject
Project("{2150E333-8FDC-42A3-9474-1A3956D46DE8}") = "Extensions", "Extensions", "{69444F9E-E188-49F3-86C1-4887C55570BB}"
EndProject
Project("{2150E333-8FDC-42A3-9474-1A3956D46DE8}") = "src", "src", "{E5A8F80C-2270-4114-A85C-9740792CE35D}"
EndProject
Project("{2150E333-8FDC-42A3-9474-1A3956D46DE8}") = "tests", "tests", "{27481F88-BCF1-44DB-9CE6-401FFAE996EB}"
EndProject
Project("{9A19103F-16F7-4668-BE54-9A1E7A4F7556}") = "PenCsharpener.Extensions", "extensions\src\PenCsharpener.Extensions\PenCsharpener.Extensions.csproj", "{F17980B0-B71B-4E98-88AC-08A207B2B198}"
EndProject
Project("{9A19103F-16F7-4668-BE54-9A1E7A4F7556}") = "PenCsharpener.Extensions.Tests", "extensions\tests\PenCsharpener.Extensions.Tests\PenCsharpener.Extensions.Tests.csproj", "{2743BBEA-1B39-4B59-85E6-ED8C240A6CC9}"
EndProject
Project("{2150E333-8FDC-42A3-9474-1A3956D46DE8}") = "Mailing", "Mailing", "{9BB03AC9-9616-44D9-9F3E-108004E5716A}"
EndProject
Project("{9A19103F-16F7-4668-BE54-9A1E7A4F7556}") = "PenCsharpener.Mailing.Common", "mailing\src\PenCsharpener.Mailing.Common\PenCsharpener.Mailing.Common.csproj", "{F245D564-A0AD-43CE-B94E-2125C036A998}"
EndProject
Project("{2150E333-8FDC-42A3-9474-1A3956D46DE8}") = "src", "src", "{4698AF5E-7AFA-4C56-B93A-1B2667319FA1}"
EndProject
Project("{2150E333-8FDC-42A3-9474-1A3956D46DE8}") = "tests", "tests", "{07D16BA4-0CD6-4AF6-9F24-A79DF44F85A2}"
EndProject
Project("{9A19103F-16F7-4668-BE54-9A1E7A4F7556}") = "PenCsharpener.Mailing.CsvMassMailer", "mailing\src\PenCsharpener.Mailing.CsvMassMailer\PenCsharpener.Mailing.CsvMassMailer.csproj", "{1371FAE9-E0A3-434E-A653-5145CE247E63}"
EndProject
Project("{9A19103F-16F7-4668-BE54-9A1E7A4F7556}") = "PenCsharpener.Mailing.Common.Tests", "mailing\tests\PenCsharpener.Mailing.Common.Tests\PenCsharpener.Mailing.Common.Tests.csproj", "{E05F02CA-2E0B-49EE-82D2-EF9FEC6960CC}"
EndProject
Project("{9A19103F-16F7-4668-BE54-9A1E7A4F7556}") = "PenCsharpener.Mailing.CsvMassMailer.Tests", "mailing\tests\PenCsharpener.Mailing.CsvMassMailer.Tests\PenCsharpener.Mailing.CsvMassMailer.Tests.csproj", "{5FE9FC04-D585-4308-AF55-82E05AB4504B}"
EndProject
Project("{9A19103F-16F7-4668-BE54-9A1E7A4F7556}") = "PenCsharpener.Mailing.CsvMassMailer.Application", "mailing\src\PenCsharpener.Mailing.CsvMassMailer.Application\PenCsharpener.Mailing.CsvMassMailer.Application.csproj", "{BAB7E194-DBB3-469F-A391-3C1A0F9355AD}"
EndProject
Project("{9A19103F-16F7-4668-BE54-9A1E7A4F7556}") = "PenCsharpener.Mailing.CsvMassMailer.Application.Tests", "mailing\tests\PenCsharpener.Mailing.CsvMassMailer.Application.Tests\PenCsharpener.Mailing.CsvMassMailer.Application.Tests.csproj", "{4FE64DF3-28FF-4570-9C03-50555695CE39}"
EndProject
Project("{2150E333-8FDC-42A3-9474-1A3956D46DE8}") = "Solution Items", "Solution Items", "{5CDD94F9-37F8-4303-851F-47F7214BB337}"
	ProjectSection(SolutionItems) = preProject
		.editorconfig = .editorconfig
	EndProjectSection
EndProject
Project("{9A19103F-16F7-4668-BE54-9A1E7A4F7556}") = "PenCsharpener.Mailing.CsvMassMailer.Infrastructure", "mailing\src\PenCsharpener.Mailing.CsvMassMailer.Infrastructure\PenCsharpener.Mailing.CsvMassMailer.Infrastructure.csproj", "{D70FDA05-1AD9-43B5-95BD-BEAFEB8E13A5}"
EndProject
Project("{9A19103F-16F7-4668-BE54-9A1E7A4F7556}") = "PenCsharpener.Mailing.CsvMassMailer.Infrastructure.Tests", "mailing\tests\PenCsharpener.Mailing.CsvMassMailer.Infrastructure.Tests\PenCsharpener.Mailing.CsvMassMailer.Infrastructure.Tests.csproj", "{C6C8417F-755D-465D-99B2-E10F74BE78AD}"
EndProject
Project("{2150E333-8FDC-42A3-9474-1A3956D46DE8}") = "LineToBibleReference", "LineToBibleReference", "{FF9E3E92-3EA4-4BFC-AE8E-C06214516B07}"
EndProject
Project("{9A19103F-16F7-4668-BE54-9A1E7A4F7556}") = "LineToBibleReference.Console", "line-to-bible-reference\src\LineToBibleReference.Console\LineToBibleReference.Console.csproj", "{D56E854C-0073-42AC-B8BA-5886D997BB6A}"
EndProject
Project("{2150E333-8FDC-42A3-9474-1A3956D46DE8}") = "src", "src", "{5A719FDF-E0E5-470E-8D81-636EB46475CD}"
EndProject
Project("{2150E333-8FDC-42A3-9474-1A3956D46DE8}") = "tests", "tests", "{8CE30AB4-0DC8-448A-BB39-DCEE744E0CBD}"
EndProject
Project("{FAE04EC0-301F-11D3-BF4B-00C04F79EFBC}") = "LineToBibleReference.Console.Tests", "line-to-bible-reference\tests\LineToBibleReference.Console.Tests\LineToBibleReference.Console.Tests.csproj", "{48D626F3-791A-4878-8A87-C07D1B4D12D2}"
EndProject
Global
	GlobalSection(SolutionConfigurationPlatforms) = preSolution
		Debug|Any CPU = Debug|Any CPU
		Release|Any CPU = Release|Any CPU
	EndGlobalSection
	GlobalSection(ProjectConfigurationPlatforms) = postSolution
		{550E902C-EE71-479C-ADCF-7E9EFA95AAA9}.Debug|Any CPU.ActiveCfg = Debug|Any CPU
		{550E902C-EE71-479C-ADCF-7E9EFA95AAA9}.Debug|Any CPU.Build.0 = Debug|Any CPU
		{550E902C-EE71-479C-ADCF-7E9EFA95AAA9}.Release|Any CPU.ActiveCfg = Release|Any CPU
		{550E902C-EE71-479C-ADCF-7E9EFA95AAA9}.Release|Any CPU.Build.0 = Release|Any CPU
		{E01D4FD3-AEF1-479D-9944-5CE389DFFA3D}.Debug|Any CPU.ActiveCfg = Debug|Any CPU
		{E01D4FD3-AEF1-479D-9944-5CE389DFFA3D}.Debug|Any CPU.Build.0 = Debug|Any CPU
		{E01D4FD3-AEF1-479D-9944-5CE389DFFA3D}.Release|Any CPU.ActiveCfg = Release|Any CPU
		{E01D4FD3-AEF1-479D-9944-5CE389DFFA3D}.Release|Any CPU.Build.0 = Release|Any CPU
		{DBA0343A-EE74-439D-AB3D-97B99080D7D5}.Debug|Any CPU.ActiveCfg = Debug|Any CPU
		{DBA0343A-EE74-439D-AB3D-97B99080D7D5}.Debug|Any CPU.Build.0 = Debug|Any CPU
		{DBA0343A-EE74-439D-AB3D-97B99080D7D5}.Release|Any CPU.ActiveCfg = Release|Any CPU
		{DBA0343A-EE74-439D-AB3D-97B99080D7D5}.Release|Any CPU.Build.0 = Release|Any CPU
		{C55069F7-2A61-4A97-B490-28C2F6DA1630}.Debug|Any CPU.ActiveCfg = Debug|Any CPU
		{C55069F7-2A61-4A97-B490-28C2F6DA1630}.Debug|Any CPU.Build.0 = Debug|Any CPU
		{C55069F7-2A61-4A97-B490-28C2F6DA1630}.Release|Any CPU.ActiveCfg = Release|Any CPU
		{C55069F7-2A61-4A97-B490-28C2F6DA1630}.Release|Any CPU.Build.0 = Release|Any CPU
		{F17980B0-B71B-4E98-88AC-08A207B2B198}.Debug|Any CPU.ActiveCfg = Debug|Any CPU
		{F17980B0-B71B-4E98-88AC-08A207B2B198}.Debug|Any CPU.Build.0 = Debug|Any CPU
		{F17980B0-B71B-4E98-88AC-08A207B2B198}.Release|Any CPU.ActiveCfg = Release|Any CPU
		{F17980B0-B71B-4E98-88AC-08A207B2B198}.Release|Any CPU.Build.0 = Release|Any CPU
		{2743BBEA-1B39-4B59-85E6-ED8C240A6CC9}.Debug|Any CPU.ActiveCfg = Debug|Any CPU
		{2743BBEA-1B39-4B59-85E6-ED8C240A6CC9}.Debug|Any CPU.Build.0 = Debug|Any CPU
		{2743BBEA-1B39-4B59-85E6-ED8C240A6CC9}.Release|Any CPU.ActiveCfg = Release|Any CPU
		{2743BBEA-1B39-4B59-85E6-ED8C240A6CC9}.Release|Any CPU.Build.0 = Release|Any CPU
		{F245D564-A0AD-43CE-B94E-2125C036A998}.Debug|Any CPU.ActiveCfg = Debug|Any CPU
		{F245D564-A0AD-43CE-B94E-2125C036A998}.Debug|Any CPU.Build.0 = Debug|Any CPU
		{F245D564-A0AD-43CE-B94E-2125C036A998}.Release|Any CPU.ActiveCfg = Release|Any CPU
		{F245D564-A0AD-43CE-B94E-2125C036A998}.Release|Any CPU.Build.0 = Release|Any CPU
		{1371FAE9-E0A3-434E-A653-5145CE247E63}.Debug|Any CPU.ActiveCfg = Debug|Any CPU
		{1371FAE9-E0A3-434E-A653-5145CE247E63}.Debug|Any CPU.Build.0 = Debug|Any CPU
		{1371FAE9-E0A3-434E-A653-5145CE247E63}.Release|Any CPU.ActiveCfg = Release|Any CPU
		{1371FAE9-E0A3-434E-A653-5145CE247E63}.Release|Any CPU.Build.0 = Release|Any CPU
		{E05F02CA-2E0B-49EE-82D2-EF9FEC6960CC}.Debug|Any CPU.ActiveCfg = Debug|Any CPU
		{E05F02CA-2E0B-49EE-82D2-EF9FEC6960CC}.Debug|Any CPU.Build.0 = Debug|Any CPU
		{E05F02CA-2E0B-49EE-82D2-EF9FEC6960CC}.Release|Any CPU.ActiveCfg = Release|Any CPU
		{E05F02CA-2E0B-49EE-82D2-EF9FEC6960CC}.Release|Any CPU.Build.0 = Release|Any CPU
		{5FE9FC04-D585-4308-AF55-82E05AB4504B}.Debug|Any CPU.ActiveCfg = Debug|Any CPU
		{5FE9FC04-D585-4308-AF55-82E05AB4504B}.Debug|Any CPU.Build.0 = Debug|Any CPU
		{5FE9FC04-D585-4308-AF55-82E05AB4504B}.Release|Any CPU.ActiveCfg = Release|Any CPU
		{5FE9FC04-D585-4308-AF55-82E05AB4504B}.Release|Any CPU.Build.0 = Release|Any CPU
		{BAB7E194-DBB3-469F-A391-3C1A0F9355AD}.Debug|Any CPU.ActiveCfg = Debug|Any CPU
		{BAB7E194-DBB3-469F-A391-3C1A0F9355AD}.Debug|Any CPU.Build.0 = Debug|Any CPU
		{BAB7E194-DBB3-469F-A391-3C1A0F9355AD}.Release|Any CPU.ActiveCfg = Release|Any CPU
		{BAB7E194-DBB3-469F-A391-3C1A0F9355AD}.Release|Any CPU.Build.0 = Release|Any CPU
		{4FE64DF3-28FF-4570-9C03-50555695CE39}.Debug|Any CPU.ActiveCfg = Debug|Any CPU
		{4FE64DF3-28FF-4570-9C03-50555695CE39}.Debug|Any CPU.Build.0 = Debug|Any CPU
		{4FE64DF3-28FF-4570-9C03-50555695CE39}.Release|Any CPU.ActiveCfg = Release|Any CPU
		{4FE64DF3-28FF-4570-9C03-50555695CE39}.Release|Any CPU.Build.0 = Release|Any CPU
		{D70FDA05-1AD9-43B5-95BD-BEAFEB8E13A5}.Debug|Any CPU.ActiveCfg = Debug|Any CPU
		{D70FDA05-1AD9-43B5-95BD-BEAFEB8E13A5}.Debug|Any CPU.Build.0 = Debug|Any CPU
		{D70FDA05-1AD9-43B5-95BD-BEAFEB8E13A5}.Release|Any CPU.ActiveCfg = Release|Any CPU
		{D70FDA05-1AD9-43B5-95BD-BEAFEB8E13A5}.Release|Any CPU.Build.0 = Release|Any CPU
		{C6C8417F-755D-465D-99B2-E10F74BE78AD}.Debug|Any CPU.ActiveCfg = Debug|Any CPU
		{C6C8417F-755D-465D-99B2-E10F74BE78AD}.Debug|Any CPU.Build.0 = Debug|Any CPU
		{C6C8417F-755D-465D-99B2-E10F74BE78AD}.Release|Any CPU.ActiveCfg = Release|Any CPU
		{C6C8417F-755D-465D-99B2-E10F74BE78AD}.Release|Any CPU.Build.0 = Release|Any CPU
		{D56E854C-0073-42AC-B8BA-5886D997BB6A}.Debug|Any CPU.ActiveCfg = Debug|Any CPU
		{D56E854C-0073-42AC-B8BA-5886D997BB6A}.Debug|Any CPU.Build.0 = Debug|Any CPU
		{D56E854C-0073-42AC-B8BA-5886D997BB6A}.Release|Any CPU.ActiveCfg = Release|Any CPU
		{D56E854C-0073-42AC-B8BA-5886D997BB6A}.Release|Any CPU.Build.0 = Release|Any CPU
		{48D626F3-791A-4878-8A87-C07D1B4D12D2}.Debug|Any CPU.ActiveCfg = Debug|Any CPU
		{48D626F3-791A-4878-8A87-C07D1B4D12D2}.Debug|Any CPU.Build.0 = Debug|Any CPU
		{48D626F3-791A-4878-8A87-C07D1B4D12D2}.Release|Any CPU.ActiveCfg = Release|Any CPU
		{48D626F3-791A-4878-8A87-C07D1B4D12D2}.Release|Any CPU.Build.0 = Release|Any CPU
	EndGlobalSection
	GlobalSection(SolutionProperties) = preSolution
		HideSolutionNode = FALSE
	EndGlobalSection
	GlobalSection(NestedProjects) = preSolution
		{B09A246E-B428-4F23-A236-16BCA3B3FD2C} = {ED9C232A-B193-491C-A02F-031455AB389B}
		{F0E788CC-9C35-4E7A-A8F6-2A38C96F1A87} = {ED9C232A-B193-491C-A02F-031455AB389B}
		{7516F5A9-F215-474E-846A-C17FA231037B} = {32AB306C-99D5-4D25-878B-64C3CDB10B39}
		{1F69F579-74AF-491D-953B-4ED136295478} = {32AB306C-99D5-4D25-878B-64C3CDB10B39}
		{F318E60D-E3C0-462C-9AE8-8D8CDFC2C90C} = {7B670E6F-DA17-46E6-A2C7-84AFF319D2AF}
		{281D23F7-C0C6-4070-9551-D5DBA7E43B59} = {7B670E6F-DA17-46E6-A2C7-84AFF319D2AF}
		{550E902C-EE71-479C-ADCF-7E9EFA95AAA9} = {B09A246E-B428-4F23-A236-16BCA3B3FD2C}
		{E01D4FD3-AEF1-479D-9944-5CE389DFFA3D} = {7516F5A9-F215-474E-846A-C17FA231037B}
		{DBA0343A-EE74-439D-AB3D-97B99080D7D5} = {1F69F579-74AF-491D-953B-4ED136295478}
		{C55069F7-2A61-4A97-B490-28C2F6DA1630} = {F318E60D-E3C0-462C-9AE8-8D8CDFC2C90C}
		{E5A8F80C-2270-4114-A85C-9740792CE35D} = {69444F9E-E188-49F3-86C1-4887C55570BB}
		{27481F88-BCF1-44DB-9CE6-401FFAE996EB} = {69444F9E-E188-49F3-86C1-4887C55570BB}
		{F17980B0-B71B-4E98-88AC-08A207B2B198} = {E5A8F80C-2270-4114-A85C-9740792CE35D}
		{2743BBEA-1B39-4B59-85E6-ED8C240A6CC9} = {27481F88-BCF1-44DB-9CE6-401FFAE996EB}
		{F245D564-A0AD-43CE-B94E-2125C036A998} = {4698AF5E-7AFA-4C56-B93A-1B2667319FA1}
		{4698AF5E-7AFA-4C56-B93A-1B2667319FA1} = {9BB03AC9-9616-44D9-9F3E-108004E5716A}
		{07D16BA4-0CD6-4AF6-9F24-A79DF44F85A2} = {9BB03AC9-9616-44D9-9F3E-108004E5716A}
		{1371FAE9-E0A3-434E-A653-5145CE247E63} = {4698AF5E-7AFA-4C56-B93A-1B2667319FA1}
		{E05F02CA-2E0B-49EE-82D2-EF9FEC6960CC} = {07D16BA4-0CD6-4AF6-9F24-A79DF44F85A2}
		{5FE9FC04-D585-4308-AF55-82E05AB4504B} = {07D16BA4-0CD6-4AF6-9F24-A79DF44F85A2}
		{BAB7E194-DBB3-469F-A391-3C1A0F9355AD} = {4698AF5E-7AFA-4C56-B93A-1B2667319FA1}
		{4FE64DF3-28FF-4570-9C03-50555695CE39} = {07D16BA4-0CD6-4AF6-9F24-A79DF44F85A2}
		{D70FDA05-1AD9-43B5-95BD-BEAFEB8E13A5} = {4698AF5E-7AFA-4C56-B93A-1B2667319FA1}
		{C6C8417F-755D-465D-99B2-E10F74BE78AD} = {07D16BA4-0CD6-4AF6-9F24-A79DF44F85A2}
		{D56E854C-0073-42AC-B8BA-5886D997BB6A} = {5A719FDF-E0E5-470E-8D81-636EB46475CD}
		{5A719FDF-E0E5-470E-8D81-636EB46475CD} = {FF9E3E92-3EA4-4BFC-AE8E-C06214516B07}
		{8CE30AB4-0DC8-448A-BB39-DCEE744E0CBD} = {FF9E3E92-3EA4-4BFC-AE8E-C06214516B07}
		{48D626F3-791A-4878-8A87-C07D1B4D12D2} = {8CE30AB4-0DC8-448A-BB39-DCEE744E0CBD}
	EndGlobalSection
	GlobalSection(ExtensibilityGlobals) = postSolution
		SolutionGuid = {D1BC50AE-D029-4A80-927D-20D33C6BE78D}
	EndGlobalSection
EndGlobal
