
Microsoft Visual Studio Solution File, Format Version 12.00
# Visual Studio Version 17
VisualStudioVersion = 17.4.32804.182
MinimumVisualStudioVersion = 10.0.40219.1
Project("{2150E333-8FDC-42A3-9474-1A3956D46DE8}") = "src", "src", "{5DED7B3E-BC73-43BB-AECD-158655A95509}"
EndProject
Project("{2150E333-8FDC-42A3-9474-1A3956D46DE8}") = "tests", "tests", "{42D82D6F-E19D-406F-B363-9A2F8468744F}"
EndProject
Project("{FAE04EC0-301F-11D3-BF4B-00C04F79EFBC}") = "PhotoRenamer.Cli", "src\PhotoRenamer.Cli\PhotoRenamer.Cli.csproj", "{FAD9833E-5D75-4B59-B595-217C07C20464}"
EndProject
Project("{FAE04EC0-301F-11D3-BF4B-00C04F79EFBC}") = "PhotoRenamer.Cli.Tests", "tests\PhotoRenamer.Cli.Tests\PhotoRenamer.Cli.Tests.csproj", "{659E9EF0-AF87-4924-A7E4-2B95A098CFC5}"
EndProject
Global
	GlobalSection(SolutionConfigurationPlatforms) = preSolution
		Debug|Any CPU = Debug|Any CPU
		Release|Any CPU = Release|Any CPU
	EndGlobalSection
	GlobalSection(ProjectConfigurationPlatforms) = postSolution
		{FAD9833E-5D75-4B59-B595-217C07C20464}.Debug|Any CPU.ActiveCfg = Debug|Any CPU
		{FAD9833E-5D75-4B59-B595-217C07C20464}.Debug|Any CPU.Build.0 = Debug|Any CPU
		{FAD9833E-5D75-4B59-B595-217C07C20464}.Release|Any CPU.ActiveCfg = Release|Any CPU
		{FAD9833E-5D75-4B59-B595-217C07C20464}.Release|Any CPU.Build.0 = Release|Any CPU
		{659E9EF0-AF87-4924-A7E4-2B95A098CFC5}.Debug|Any CPU.ActiveCfg = Debug|Any CPU
		{659E9EF0-AF87-4924-A7E4-2B95A098CFC5}.Debug|Any CPU.Build.0 = Debug|Any CPU
		{659E9EF0-AF87-4924-A7E4-2B95A098CFC5}.Release|Any CPU.ActiveCfg = Release|Any CPU
		{659E9EF0-AF87-4924-A7E4-2B95A098CFC5}.Release|Any CPU.Build.0 = Release|Any CPU
	EndGlobalSection
	GlobalSection(SolutionProperties) = preSolution
		HideSolutionNode = FALSE
	EndGlobalSection
	GlobalSection(NestedProjects) = preSolution
		{FAD9833E-5D75-4B59-B595-217C07C20464} = {5DED7B3E-BC73-43BB-AECD-158655A95509}
		{659E9EF0-AF87-4924-A7E4-2B95A098CFC5} = {42D82D6F-E19D-406F-B363-9A2F8468744F}
	EndGlobalSection
	GlobalSection(ExtensibilityGlobals) = postSolution
		SolutionGuid = {07EA172C-F4B3-4CC2-93F8-6E4E58CCFD94}
	EndGlobalSection
EndGlobal
